
Microsoft Visual Studio Solution File, Format Version 12.00
# Visual Studio 15
VisualStudioVersion = 15.0.28010.0
MinimumVisualStudioVersion = 10.0.40219.1
Project("{FAE04EC0-301F-11D3-BF4B-00C04F79EFBC}") = "CustomerCentre", "CustomerCentre\CustomerCentre.csproj", "{4F3AE0CC-8082-4548-8D0B-AF28D2E135AD}"
EndProject
Project("{FAE04EC0-301F-11D3-BF4B-00C04F79EFBC}") = "CustomerCentre.Test", "CustomerCentre.Test\CustomerCentre.Test.csproj", "{8E00A277-1EE8-4EB2-9F8C-BCE5C168578E}"
EndProject
Project("{FAE04EC0-301F-11D3-BF4B-00C04F79EFBC}") = "CustomerCentre.Persistence", "CustomerCentre.Persistence\CustomerCentre.Persistence.csproj", "{1FC6ECBB-189F-4B1C-B424-74B344C74D65}"
EndProject
Global
	GlobalSection(SolutionConfigurationPlatforms) = preSolution
		Debug|Any CPU = Debug|Any CPU
		Release|Any CPU = Release|Any CPU
	EndGlobalSection
	GlobalSection(ProjectConfigurationPlatforms) = postSolution
		{4F3AE0CC-8082-4548-8D0B-AF28D2E135AD}.Debug|Any CPU.ActiveCfg = Debug|Any CPU
		{4F3AE0CC-8082-4548-8D0B-AF28D2E135AD}.Debug|Any CPU.Build.0 = Debug|Any CPU
		{4F3AE0CC-8082-4548-8D0B-AF28D2E135AD}.Release|Any CPU.ActiveCfg = Release|Any CPU
		{4F3AE0CC-8082-4548-8D0B-AF28D2E135AD}.Release|Any CPU.Build.0 = Release|Any CPU
		{8E00A277-1EE8-4EB2-9F8C-BCE5C168578E}.Debug|Any CPU.ActiveCfg = Debug|Any CPU
		{8E00A277-1EE8-4EB2-9F8C-BCE5C168578E}.Debug|Any CPU.Build.0 = Debug|Any CPU
		{8E00A277-1EE8-4EB2-9F8C-BCE5C168578E}.Release|Any CPU.ActiveCfg = Release|Any CPU
		{8E00A277-1EE8-4EB2-9F8C-BCE5C168578E}.Release|Any CPU.Build.0 = Release|Any CPU
		{1FC6ECBB-189F-4B1C-B424-74B344C74D65}.Debug|Any CPU.ActiveCfg = Debug|Any CPU
		{1FC6ECBB-189F-4B1C-B424-74B344C74D65}.Debug|Any CPU.Build.0 = Debug|Any CPU
		{1FC6ECBB-189F-4B1C-B424-74B344C74D65}.Release|Any CPU.ActiveCfg = Release|Any CPU
		{1FC6ECBB-189F-4B1C-B424-74B344C74D65}.Release|Any CPU.Build.0 = Release|Any CPU
	EndGlobalSection
	GlobalSection(SolutionProperties) = preSolution
		HideSolutionNode = FALSE
	EndGlobalSection
	GlobalSection(ExtensibilityGlobals) = postSolution
		SolutionGuid = {D958C112-D351-48D6-9E18-6D2046EC8D7D}
	EndGlobalSection
EndGlobal
